// !$*UTF8*$!
{
	archiveVersion = 1;
	classes = {
	};
	objectVersion = 46;
	objects = {

/* Begin PBXBuildFile section */
		4F8F05C11A3BAAA700EEC828 /* Mountain.cpp in Sources */ = {isa = PBXBuildFile; fileRef = 4F8F05BF1A3BAAA700EEC828 /* Mountain.cpp */; };
		4FF03BA71A3B75CE001EEFB0 /* main.cpp in Sources */ = {isa = PBXBuildFile; fileRef = 4FF03BA61A3B75CE001EEFB0 /* main.cpp */; };
		4FF03BAE1A3B75DC001EEFB0 /* GLUT.framework in Frameworks */ = {isa = PBXBuildFile; fileRef = 4FF03BAD1A3B75DC001EEFB0 /* GLUT.framework */; };
		4FF03BB41A3B762B001EEFB0 /* image_DXT.c in Sources */ = {isa = PBXBuildFile; fileRef = 4FF03BAF1A3B762B001EEFB0 /* image_DXT.c */; };
		4FF03BB51A3B762B001EEFB0 /* image_helper.c in Sources */ = {isa = PBXBuildFile; fileRef = 4FF03BB11A3B762B001EEFB0 /* image_helper.c */; };
		4FF03BB61A3B762B001EEFB0 /* libSOIL.a in Frameworks */ = {isa = PBXBuildFile; fileRef = 4FF03BB31A3B762B001EEFB0 /* libSOIL.a */; };
		4FF03BC51A3B764B001EEFB0 /* Matrix4.cpp in Sources */ = {isa = PBXBuildFile; fileRef = 4FF03BB71A3B764B001EEFB0 /* Matrix4.cpp */; };
		4FF03BC61A3B764B001EEFB0 /* shader.cpp in Sources */ = {isa = PBXBuildFile; fileRef = 4FF03BB91A3B764B001EEFB0 /* shader.cpp */; };
		4FF03BC71A3B764B001EEFB0 /* SOIL.c in Sources */ = {isa = PBXBuildFile; fileRef = 4FF03BBB1A3B764B001EEFB0 /* SOIL.c */; };
		4FF03BC81A3B764B001EEFB0 /* stb_image_aug.c in Sources */ = {isa = PBXBuildFile; fileRef = 4FF03BBD1A3B764B001EEFB0 /* stb_image_aug.c */; };
		4FF03BC91A3B764B001EEFB0 /* Vector3.cpp in Sources */ = {isa = PBXBuildFile; fileRef = 4FF03BC11A3B764B001EEFB0 /* Vector3.cpp */; };
		4FF03BCA1A3B764B001EEFB0 /* Vector4.cpp in Sources */ = {isa = PBXBuildFile; fileRef = 4FF03BC31A3B764B001EEFB0 /* Vector4.cpp */; };
		4FF03BCD1A3B76CC001EEFB0 /* Window.cpp in Sources */ = {isa = PBXBuildFile; fileRef = 4FF03BCB1A3B76CC001EEFB0 /* Window.cpp */; };
		4FF03BD01A3B77EC001EEFB0 /* Camera.cpp in Sources */ = {isa = PBXBuildFile; fileRef = 4FF03BCE1A3B77EC001EEFB0 /* Camera.cpp */; };
/* End PBXBuildFile section */

/* Begin PBXCopyFilesBuildPhase section */
		4FF03BA11A3B75CE001EEFB0 /* CopyFiles */ = {
			isa = PBXCopyFilesBuildPhase;
			buildActionMask = 2147483647;
			dstPath = /usr/share/man/man1/;
			dstSubfolderSpec = 0;
			files = (
			);
			runOnlyForDeploymentPostprocessing = 1;
		};
/* End PBXCopyFilesBuildPhase section */

/* Begin PBXFileReference section */
		4F2623C81A3CD4AC002043B2 /* main.h */ = {isa = PBXFileReference; lastKnownFileType = sourcecode.c.h; path = main.h; sourceTree = "<group>"; };
		4F6799571A3E895D00F07D4E /* barrenbump.jpg */ = {isa = PBXFileReference; lastKnownFileType = image.jpeg; path = barrenbump.jpg; sourceTree = "<group>"; };
		4F6799581A3E896800F07D4E /* shader.vert */ = {isa = PBXFileReference; lastKnownFileType = sourcecode.glsl; path = shader.vert; sourceTree = "<group>"; };
		4F6799591A3E896800F07D4E /* shader.frag */ = {isa = PBXFileReference; lastKnownFileType = sourcecode.glsl; path = shader.frag; sourceTree = "<group>"; };
		4F8F05BF1A3BAAA700EEC828 /* Mountain.cpp */ = {isa = PBXFileReference; fileEncoding = 4; lastKnownFileType = sourcecode.cpp.cpp; path = Mountain.cpp; sourceTree = "<group>"; };
		4F8F05C01A3BAAA700EEC828 /* Mountain.h */ = {isa = PBXFileReference; fileEncoding = 4; lastKnownFileType = sourcecode.c.h; path = Mountain.h; sourceTree = "<group>"; };
		4FF03BA31A3B75CE001EEFB0 /* 167Final */ = {isa = PBXFileReference; explicitFileType = "compiled.mach-o.executable"; includeInIndex = 0; path = 167Final; sourceTree = BUILT_PRODUCTS_DIR; };
		4FF03BA61A3B75CE001EEFB0 /* main.cpp */ = {isa = PBXFileReference; lastKnownFileType = sourcecode.cpp.cpp; path = main.cpp; sourceTree = "<group>"; };
		4FF03BAD1A3B75DC001EEFB0 /* GLUT.framework */ = {isa = PBXFileReference; lastKnownFileType = wrapper.framework; name = GLUT.framework; path = System/Library/Frameworks/GLUT.framework; sourceTree = SDKROOT; };
		4FF03BAF1A3B762B001EEFB0 /* image_DXT.c */ = {isa = PBXFileReference; fileEncoding = 4; lastKnownFileType = sourcecode.c.c; path = image_DXT.c; sourceTree = "<group>"; };
		4FF03BB01A3B762B001EEFB0 /* image_DXT.h */ = {isa = PBXFileReference; fileEncoding = 4; lastKnownFileType = sourcecode.c.h; path = image_DXT.h; sourceTree = "<group>"; };
		4FF03BB11A3B762B001EEFB0 /* image_helper.c */ = {isa = PBXFileReference; fileEncoding = 4; lastKnownFileType = sourcecode.c.c; path = image_helper.c; sourceTree = "<group>"; };
		4FF03BB21A3B762B001EEFB0 /* image_helper.h */ = {isa = PBXFileReference; fileEncoding = 4; lastKnownFileType = sourcecode.c.h; path = image_helper.h; sourceTree = "<group>"; };
		4FF03BB31A3B762B001EEFB0 /* libSOIL.a */ = {isa = PBXFileReference; lastKnownFileType = archive.ar; path = libSOIL.a; sourceTree = "<group>"; };
		4FF03BB71A3B764B001EEFB0 /* Matrix4.cpp */ = {isa = PBXFileReference; fileEncoding = 4; lastKnownFileType = sourcecode.cpp.cpp; path = Matrix4.cpp; sourceTree = "<group>"; };
		4FF03BB81A3B764B001EEFB0 /* Matrix4.h */ = {isa = PBXFileReference; fileEncoding = 4; lastKnownFileType = sourcecode.c.h; path = Matrix4.h; sourceTree = "<group>"; };
		4FF03BB91A3B764B001EEFB0 /* shader.cpp */ = {isa = PBXFileReference; fileEncoding = 4; lastKnownFileType = sourcecode.cpp.cpp; path = shader.cpp; sourceTree = "<group>"; };
		4FF03BBA1A3B764B001EEFB0 /* shader.h */ = {isa = PBXFileReference; fileEncoding = 4; lastKnownFileType = sourcecode.c.h; path = shader.h; sourceTree = "<group>"; };
		4FF03BBB1A3B764B001EEFB0 /* SOIL.c */ = {isa = PBXFileReference; fileEncoding = 4; lastKnownFileType = sourcecode.c.c; path = SOIL.c; sourceTree = "<group>"; };
		4FF03BBC1A3B764B001EEFB0 /* SOIL.h */ = {isa = PBXFileReference; fileEncoding = 4; lastKnownFileType = sourcecode.c.h; path = SOIL.h; sourceTree = "<group>"; };
		4FF03BBD1A3B764B001EEFB0 /* stb_image_aug.c */ = {isa = PBXFileReference; fileEncoding = 4; lastKnownFileType = sourcecode.c.c; path = stb_image_aug.c; sourceTree = "<group>"; };
		4FF03BBE1A3B764B001EEFB0 /* stb_image_aug.h */ = {isa = PBXFileReference; fileEncoding = 4; lastKnownFileType = sourcecode.c.h; path = stb_image_aug.h; sourceTree = "<group>"; };
		4FF03BBF1A3B764B001EEFB0 /* stbi_DDS_aug_c.h */ = {isa = PBXFileReference; fileEncoding = 4; lastKnownFileType = sourcecode.c.h; path = stbi_DDS_aug_c.h; sourceTree = "<group>"; };
		4FF03BC01A3B764B001EEFB0 /* stbi_DDS_aug.h */ = {isa = PBXFileReference; fileEncoding = 4; lastKnownFileType = sourcecode.c.h; path = stbi_DDS_aug.h; sourceTree = "<group>"; };
		4FF03BC11A3B764B001EEFB0 /* Vector3.cpp */ = {isa = PBXFileReference; fileEncoding = 4; lastKnownFileType = sourcecode.cpp.cpp; path = Vector3.cpp; sourceTree = "<group>"; };
		4FF03BC21A3B764B001EEFB0 /* Vector3.h */ = {isa = PBXFileReference; fileEncoding = 4; lastKnownFileType = sourcecode.c.h; path = Vector3.h; sourceTree = "<group>"; };
		4FF03BC31A3B764B001EEFB0 /* Vector4.cpp */ = {isa = PBXFileReference; fileEncoding = 4; lastKnownFileType = sourcecode.cpp.cpp; path = Vector4.cpp; sourceTree = "<group>"; };
		4FF03BC41A3B764B001EEFB0 /* Vector4.h */ = {isa = PBXFileReference; fileEncoding = 4; lastKnownFileType = sourcecode.c.h; path = Vector4.h; sourceTree = "<group>"; };
		4FF03BCB1A3B76CC001EEFB0 /* Window.cpp */ = {isa = PBXFileReference; fileEncoding = 4; lastKnownFileType = sourcecode.cpp.cpp; path = Window.cpp; sourceTree = "<group>"; };
		4FF03BCC1A3B76CC001EEFB0 /* Window.h */ = {isa = PBXFileReference; fileEncoding = 4; lastKnownFileType = sourcecode.c.h; path = Window.h; sourceTree = "<group>"; };
		4FF03BCE1A3B77EC001EEFB0 /* Camera.cpp */ = {isa = PBXFileReference; fileEncoding = 4; lastKnownFileType = sourcecode.cpp.cpp; path = Camera.cpp; sourceTree = "<group>"; };
		4FF03BCF1A3B77EC001EEFB0 /* Camera.h */ = {isa = PBXFileReference; fileEncoding = 4; lastKnownFileType = sourcecode.c.h; path = Camera.h; sourceTree = "<group>"; };
/* End PBXFileReference section */

/* Begin PBXFrameworksBuildPhase section */
		4FF03BA01A3B75CE001EEFB0 /* Frameworks */ = {
			isa = PBXFrameworksBuildPhase;
			buildActionMask = 2147483647;
			files = (
				4FF03BB61A3B762B001EEFB0 /* libSOIL.a in Frameworks */,
				4FF03BAE1A3B75DC001EEFB0 /* GLUT.framework in Frameworks */,
			);
			runOnlyForDeploymentPostprocessing = 0;
		};
/* End PBXFrameworksBuildPhase section */

/* Begin PBXGroup section */
		4FF03B9A1A3B75CE001EEFB0 = {
			isa = PBXGroup;
			children = (
				4FF03BAD1A3B75DC001EEFB0 /* GLUT.framework */,
				4FF03BA51A3B75CE001EEFB0 /* 167Final */,
				4FF03BA41A3B75CE001EEFB0 /* Products */,
			);
			sourceTree = "<group>";
		};
		4FF03BA41A3B75CE001EEFB0 /* Products */ = {
			isa = PBXGroup;
			children = (
				4FF03BA31A3B75CE001EEFB0 /* 167Final */,
			);
			name = Products;
			sourceTree = "<group>";
		};
		4FF03BA51A3B75CE001EEFB0 /* 167Final */ = {
			isa = PBXGroup;
			children = (
				4F6799571A3E895D00F07D4E /* barrenbump.jpg */,
				4F6799581A3E896800F07D4E /* shader.vert */,
				4F6799591A3E896800F07D4E /* shader.frag */,
				4FF03BCE1A3B77EC001EEFB0 /* Camera.cpp */,
				4FF03BCF1A3B77EC001EEFB0 /* Camera.h */,
				4FF03BA61A3B75CE001EEFB0 /* main.cpp */,
				4F2623C81A3CD4AC002043B2 /* main.h */,
				4FF03BCB1A3B76CC001EEFB0 /* Window.cpp */,
				4F8F05BF1A3BAAA700EEC828 /* Mountain.cpp */,
				4F8F05C01A3BAAA700EEC828 /* Mountain.h */,
				4FF03BCC1A3B76CC001EEFB0 /* Window.h */,
				4FF03BAF1A3B762B001EEFB0 /* image_DXT.c */,
				4FF03BB01A3B762B001EEFB0 /* image_DXT.h */,
				4FF03BB11A3B762B001EEFB0 /* image_helper.c */,
				4FF03BB21A3B762B001EEFB0 /* image_helper.h */,
				4FF03BB71A3B764B001EEFB0 /* Matrix4.cpp */,
				4FF03BB81A3B764B001EEFB0 /* Matrix4.h */,
				4FF03BB91A3B764B001EEFB0 /* shader.cpp */,
				4FF03BBA1A3B764B001EEFB0 /* shader.h */,
				4FF03BBB1A3B764B001EEFB0 /* SOIL.c */,
				4FF03BBC1A3B764B001EEFB0 /* SOIL.h */,
				4FF03BBD1A3B764B001EEFB0 /* stb_image_aug.c */,
				4FF03BBE1A3B764B001EEFB0 /* stb_image_aug.h */,
				4FF03BBF1A3B764B001EEFB0 /* stbi_DDS_aug_c.h */,
				4FF03BC01A3B764B001EEFB0 /* stbi_DDS_aug.h */,
				4FF03BC11A3B764B001EEFB0 /* Vector3.cpp */,
				4FF03BC21A3B764B001EEFB0 /* Vector3.h */,
				4FF03BC31A3B764B001EEFB0 /* Vector4.cpp */,
				4FF03BC41A3B764B001EEFB0 /* Vector4.h */,
				4FF03BB31A3B762B001EEFB0 /* libSOIL.a */,
			);
			path = 167Final;
			sourceTree = "<group>";
		};
/* End PBXGroup section */

/* Begin PBXNativeTarget section */
		4FF03BA21A3B75CE001EEFB0 /* 167Final */ = {
			isa = PBXNativeTarget;
			buildConfigurationList = 4FF03BAA1A3B75CE001EEFB0 /* Build configuration list for PBXNativeTarget "167Final" */;
			buildPhases = (
				4FF03B9F1A3B75CE001EEFB0 /* Sources */,
				4FF03BA01A3B75CE001EEFB0 /* Frameworks */,
				4FF03BA11A3B75CE001EEFB0 /* CopyFiles */,
			);
			buildRules = (
			);
			dependencies = (
			);
			name = 167Final;
			productName = 167Final;
			productReference = 4FF03BA31A3B75CE001EEFB0 /* 167Final */;
			productType = "com.apple.product-type.tool";
		};
/* End PBXNativeTarget section */

/* Begin PBXProject section */
		4FF03B9B1A3B75CE001EEFB0 /* Project object */ = {
			isa = PBXProject;
			attributes = {
				LastUpgradeCheck = 0610;
				ORGANIZATIONNAME = "Noah Martin";
				TargetAttributes = {
					4FF03BA21A3B75CE001EEFB0 = {
						CreatedOnToolsVersion = 6.1.1;
					};
				};
			};
			buildConfigurationList = 4FF03B9E1A3B75CE001EEFB0 /* Build configuration list for PBXProject "167Final" */;
			compatibilityVersion = "Xcode 3.2";
			developmentRegion = English;
			hasScannedForEncodings = 0;
			knownRegions = (
				en,
			);
			mainGroup = 4FF03B9A1A3B75CE001EEFB0;
			productRefGroup = 4FF03BA41A3B75CE001EEFB0 /* Products */;
			projectDirPath = "";
			projectRoot = "";
			targets = (
				4FF03BA21A3B75CE001EEFB0 /* 167Final */,
			);
		};
/* End PBXProject section */

/* Begin PBXSourcesBuildPhase section */
		4FF03B9F1A3B75CE001EEFB0 /* Sources */ = {
			isa = PBXSourcesBuildPhase;
			buildActionMask = 2147483647;
			files = (
				4FF03BC61A3B764B001EEFB0 /* shader.cpp in Sources */,
				4FF03BCD1A3B76CC001EEFB0 /* Window.cpp in Sources */,
				4FF03BCA1A3B764B001EEFB0 /* Vector4.cpp in Sources */,
				4FF03BB51A3B762B001EEFB0 /* image_helper.c in Sources */,
				4FF03BD01A3B77EC001EEFB0 /* Camera.cpp in Sources */,
				4FF03BC91A3B764B001EEFB0 /* Vector3.cpp in Sources */,
				4FF03BC81A3B764B001EEFB0 /* stb_image_aug.c in Sources */,
				4FF03BC71A3B764B001EEFB0 /* SOIL.c in Sources */,
				4F8F05C11A3BAAA700EEC828 /* Mountain.cpp in Sources */,
				4FF03BC51A3B764B001EEFB0 /* Matrix4.cpp in Sources */,
				4FF03BB41A3B762B001EEFB0 /* image_DXT.c in Sources */,
				4FF03BA71A3B75CE001EEFB0 /* main.cpp in Sources */,
			);
			runOnlyForDeploymentPostprocessing = 0;
		};
/* End PBXSourcesBuildPhase section */

/* Begin XCBuildConfiguration section */
		4FF03BA81A3B75CE001EEFB0 /* Debug */ = {
			isa = XCBuildConfiguration;
			buildSettings = {
				ALWAYS_SEARCH_USER_PATHS = NO;
				CLANG_CXX_LANGUAGE_STANDARD = "gnu++0x";
				CLANG_CXX_LIBRARY = "libc++";
				CLANG_ENABLE_MODULES = YES;
				CLANG_ENABLE_OBJC_ARC = YES;
				CLANG_WARN_BOOL_CONVERSION = YES;
				CLANG_WARN_CONSTANT_CONVERSION = YES;
				CLANG_WARN_DIRECT_OBJC_ISA_USAGE = YES_ERROR;
				CLANG_WARN_EMPTY_BODY = YES;
				CLANG_WARN_ENUM_CONVERSION = YES;
				CLANG_WARN_INT_CONVERSION = YES;
				CLANG_WARN_OBJC_ROOT_CLASS = YES_ERROR;
				CLANG_WARN_UNREACHABLE_CODE = YES;
				CLANG_WARN__DUPLICATE_METHOD_MATCH = YES;
				COPY_PHASE_STRIP = NO;
				ENABLE_STRICT_OBJC_MSGSEND = YES;
				GCC_C_LANGUAGE_STANDARD = gnu99;
				GCC_DYNAMIC_NO_PIC = NO;
				GCC_OPTIMIZATION_LEVEL = 0;
				GCC_PREPROCESSOR_DEFINITIONS = (
					"DEBUG=1",
					"$(inherited)",
				);
				GCC_SYMBOLS_PRIVATE_EXTERN = NO;
				GCC_WARN_64_TO_32_BIT_CONVERSION = YES;
				GCC_WARN_ABOUT_RETURN_TYPE = YES_ERROR;
				GCC_WARN_UNDECLARED_SELECTOR = YES;
				GCC_WARN_UNINITIALIZED_AUTOS = YES_AGGRESSIVE;
				GCC_WARN_UNUSED_FUNCTION = YES;
				GCC_WARN_UNUSED_VARIABLE = YES;
				MACOSX_DEPLOYMENT_TARGET = 10.10;
				MTL_ENABLE_DEBUG_INFO = YES;
				ONLY_ACTIVE_ARCH = YES;
				SDKROOT = macosx;
			};
			name = Debug;
		};
		4FF03BA91A3B75CE001EEFB0 /* Release */ = {
			isa = XCBuildConfiguration;
			buildSettings = {
				ALWAYS_SEARCH_USER_PATHS = NO;
				CLANG_CXX_LANGUAGE_STANDARD = "gnu++0x";
				CLANG_CXX_LIBRARY = "libc++";
				CLANG_ENABLE_MODULES = YES;
				CLANG_ENABLE_OBJC_ARC = YES;
				CLANG_WARN_BOOL_CONVERSION = YES;
				CLANG_WARN_CONSTANT_CONVERSION = YES;
				CLANG_WARN_DIRECT_OBJC_ISA_USAGE = YES_ERROR;
				CLANG_WARN_EMPTY_BODY = YES;
				CLANG_WARN_ENUM_CONVERSION = YES;
				CLANG_WARN_INT_CONVERSION = YES;
				CLANG_WARN_OBJC_ROOT_CLASS = YES_ERROR;
				CLANG_WARN_UNREACHABLE_CODE = YES;
				CLANG_WARN__DUPLICATE_METHOD_MATCH = YES;
				COPY_PHASE_STRIP = YES;
				DEBUG_INFORMATION_FORMAT = "dwarf-with-dsym";
				ENABLE_NS_ASSERTIONS = NO;
				ENABLE_STRICT_OBJC_MSGSEND = YES;
				GCC_C_LANGUAGE_STANDARD = gnu99;
				GCC_WARN_64_TO_32_BIT_CONVERSION = YES;
				GCC_WARN_ABOUT_RETURN_TYPE = YES_ERROR;
				GCC_WARN_UNDECLARED_SELECTOR = YES;
				GCC_WARN_UNINITIALIZED_AUTOS = YES_AGGRESSIVE;
				GCC_WARN_UNUSED_FUNCTION = YES;
				GCC_WARN_UNUSED_VARIABLE = YES;
				MACOSX_DEPLOYMENT_TARGET = 10.10;
				MTL_ENABLE_DEBUG_INFO = NO;
				SDKROOT = macosx;
			};
			name = Release;
		};
		4FF03BAB1A3B75CE001EEFB0 /* Debug */ = {
			isa = XCBuildConfiguration;
			buildSettings = {
				LIBRARY_SEARCH_PATHS = (
					"$(inherited)",
					"$(PROJECT_DIR)/167Final",
				);
				PRODUCT_NAME = "$(TARGET_NAME)";
			};
			name = Debug;
		};
		4FF03BAC1A3B75CE001EEFB0 /* Release */ = {
			isa = XCBuildConfiguration;
			buildSettings = {
				LIBRARY_SEARCH_PATHS = (
					"$(inherited)",
					"$(PROJECT_DIR)/167Final",
				);
				PRODUCT_NAME = "$(TARGET_NAME)";
			};
			name = Release;
		};
/* End XCBuildConfiguration section */

/* Begin XCConfigurationList section */
		4FF03B9E1A3B75CE001EEFB0 /* Build configuration list for PBXProject "167Final" */ = {
			isa = XCConfigurationList;
			buildConfigurations = (
				4FF03BA81A3B75CE001EEFB0 /* Debug */,
				4FF03BA91A3B75CE001EEFB0 /* Release */,
			);
			defaultConfigurationIsVisible = 0;
			defaultConfigurationName = Release;
		};
		4FF03BAA1A3B75CE001EEFB0 /* Build configuration list for PBXNativeTarget "167Final" */ = {
			isa = XCConfigurationList;
			buildConfigurations = (
				4FF03BAB1A3B75CE001EEFB0 /* Debug */,
				4FF03BAC1A3B75CE001EEFB0 /* Release */,
			);
			defaultConfigurationIsVisible = 0;
			defaultConfigurationName = Release;
		};
/* End XCConfigurationList section */
	};
	rootObject = 4FF03B9B1A3B75CE001EEFB0 /* Project object */;
}
